
Microsoft Visual Studio Solution File, Format Version 12.00
# Visual Studio Version 16
VisualStudioVersion = 16.0.31613.86
MinimumVisualStudioVersion = 10.0.40219.1
Project("{FAE04EC0-301F-11D3-BF4B-00C04F79EFBC}") = "VIEW", "VIEW.csproj", "{BC71C4E1-5A2E-4B43-89C2-CD3D4CBADEDB}"
EndProject
Project("{FAE04EC0-301F-11D3-BF4B-00C04F79EFBC}") = "Model", "Model\Model.csproj", "{22367382-6452-41F2-8BC9-1CEE70110AFA}"
EndProject
Project("{FAE04EC0-301F-11D3-BF4B-00C04F79EFBC}") = "Controller", "Controller\Controller.csproj", "{CF7BF336-40B5-4823-AB41-2B1E7E79D7A4}"
EndProject
Global
	GlobalSection(SolutionConfigurationPlatforms) = preSolution
		Debug|Any CPU = Debug|Any CPU
		Release|Any CPU = Release|Any CPU
	EndGlobalSection
	GlobalSection(ProjectConfigurationPlatforms) = postSolution
		{BC71C4E1-5A2E-4B43-89C2-CD3D4CBADEDB}.Debug|Any CPU.ActiveCfg = Debug|Any CPU
		{BC71C4E1-5A2E-4B43-89C2-CD3D4CBADEDB}.Debug|Any CPU.Build.0 = Debug|Any CPU
		{BC71C4E1-5A2E-4B43-89C2-CD3D4CBADEDB}.Release|Any CPU.ActiveCfg = Release|Any CPU
		{BC71C4E1-5A2E-4B43-89C2-CD3D4CBADEDB}.Release|Any CPU.Build.0 = Release|Any CPU
		{22367382-6452-41F2-8BC9-1CEE70110AFA}.Debug|Any CPU.ActiveCfg = Debug|Any CPU
		{22367382-6452-41F2-8BC9-1CEE70110AFA}.Debug|Any CPU.Build.0 = Debug|Any CPU
		{22367382-6452-41F2-8BC9-1CEE70110AFA}.Release|Any CPU.ActiveCfg = Release|Any CPU
		{22367382-6452-41F2-8BC9-1CEE70110AFA}.Release|Any CPU.Build.0 = Release|Any CPU
		{CF7BF336-40B5-4823-AB41-2B1E7E79D7A4}.Debug|Any CPU.ActiveCfg = Debug|Any CPU
		{CF7BF336-40B5-4823-AB41-2B1E7E79D7A4}.Debug|Any CPU.Build.0 = Debug|Any CPU
		{CF7BF336-40B5-4823-AB41-2B1E7E79D7A4}.Release|Any CPU.ActiveCfg = Release|Any CPU
		{CF7BF336-40B5-4823-AB41-2B1E7E79D7A4}.Release|Any CPU.Build.0 = Release|Any CPU
	EndGlobalSection
	GlobalSection(SolutionProperties) = preSolution
		HideSolutionNode = FALSE
	EndGlobalSection
	GlobalSection(ExtensibilityGlobals) = postSolution
		SolutionGuid = {E45494A3-1082-49A4-A6CA-3C1B925782DF}
	EndGlobalSection
EndGlobal
